
Microsoft Visual Studio Solution File, Format Version 12.00
# Visual Studio Version 16
VisualStudioVersion = 16.0.31624.102
MinimumVisualStudioVersion = 10.0.40219.1
Project("{8BC9CEB8-8B4A-11D0-8D11-00A0C91BC942}") = "LCD", "LCD.vcxproj", "{C9F1AC68-3E49-435D-889A-40F0C6CC9364}"
EndProject
Global
	GlobalSection(SolutionConfigurationPlatforms) = preSolution
		Debug|x64 = Debug|x64
		Debug|x86 = Debug|x86
		Release|x64 = Release|x64
		Release|x86 = Release|x86
	EndGlobalSection
	GlobalSection(ProjectConfigurationPlatforms) = postSolution
		{C9F1AC68-3E49-435D-889A-40F0C6CC9364}.Debug|x64.ActiveCfg = Debug|x64
		{C9F1AC68-3E49-435D-889A-40F0C6CC9364}.Debug|x64.Build.0 = Debug|x64
		{C9F1AC68-3E49-435D-889A-40F0C6CC9364}.Debug|x86.ActiveCfg = Debug|Win32
		{C9F1AC68-3E49-435D-889A-40F0C6CC9364}.Debug|x86.Build.0 = Debug|Win32
		{C9F1AC68-3E49-435D-889A-40F0C6CC9364}.Release|x64.ActiveCfg = Release|x64
		{C9F1AC68-3E49-435D-889A-40F0C6CC9364}.Release|x64.Build.0 = Release|x64
		{C9F1AC68-3E49-435D-889A-40F0C6CC9364}.Release|x86.ActiveCfg = Release|Win32
		{C9F1AC68-3E49-435D-889A-40F0C6CC9364}.Release|x86.Build.0 = Release|Win32
	EndGlobalSection
	GlobalSection(SolutionProperties) = preSolution
		HideSolutionNode = FALSE
	EndGlobalSection
	GlobalSection(ExtensibilityGlobals) = postSolution
		SolutionGuid = {F5E5B55A-E606-4774-B1C7-26C7380684CE}
	EndGlobalSection
EndGlobal
